// !$*UTF8*$!
{
	archiveVersion = 1;
	classes = {
	};
	objectVersion = 46;
	objects = {

/* Begin PBXBuildFile section */
		DC8B565117CC107E00F95CBC /* SpriteKit.framework in Frameworks */ = {isa = PBXBuildFile; fileRef = DCDD2DB11769FD0A00F307CD /* SpriteKit.framework */; };
		DCBD9AFF17C0C8A5008C4F3B /* KKProVersion.h in Headers */ = {isa = PBXBuildFile; fileRef = DCBD99BA17C0C8A5008C4F3B /* KKProVersion.h */; };
		DCBD9B0017C0C8A5008C4F3B /* KKProVersion.m in Sources */ = {isa = PBXBuildFile; fileRef = DCBD99BB17C0C8A5008C4F3B /* KKProVersion.m */; };
		DCBD9B0117C0C8A5008C4F3B /* KKProVersion.m in Sources */ = {isa = PBXBuildFile; fileRef = DCBD99BB17C0C8A5008C4F3B /* KKProVersion.m */; };
		DCBD9B5717C0C8A5008C4F3B /* KoboldKitPro-Prefix.pch in Headers */ = {isa = PBXBuildFile; fileRef = DCBD9A0017C0C8A5008C4F3B /* KoboldKitPro-Prefix.pch */; };
		DCBD9B5817C0C8A5008C4F3B /* KoboldKitPro.h in Headers */ = {isa = PBXBuildFile; fileRef = DCBD9A0117C0C8A5008C4F3B /* KoboldKitPro.h */; settings = {ATTRIBUTES = (Public, ); }; };
		DCEA06D417E74AD70011DED9 /* KKProSwizzle.h in Headers */ = {isa = PBXBuildFile; fileRef = DCEA06D217E74AD70011DED9 /* KKProSwizzle.h */; };
		DCEA06D517E74AD70011DED9 /* KKProSwizzle.m in Sources */ = {isa = PBXBuildFile; fileRef = DCEA06D317E74AD70011DED9 /* KKProSwizzle.m */; };
		DCEA06D617E74AD70011DED9 /* KKProSwizzle.m in Sources */ = {isa = PBXBuildFile; fileRef = DCEA06D317E74AD70011DED9 /* KKProSwizzle.m */; };
		DCEFA545180C313C009B0300 /* KoboldKit.framework in Frameworks */ = {isa = PBXBuildFile; fileRef = DCEFA541180C313C009B0300 /* KoboldKit.framework */; };
		DCEFA546180C313C009B0300 /* KoboldKitCommunity.framework in Frameworks */ = {isa = PBXBuildFile; fileRef = DCEFA542180C313C009B0300 /* KoboldKitCommunity.framework */; };
		DCEFA547180C313C009B0300 /* KoboldKitExternal.framework in Frameworks */ = {isa = PBXBuildFile; fileRef = DCEFA543180C313C009B0300 /* KoboldKitExternal.framework */; };
		DCEFA548180C313C009B0300 /* OpenGW.framework in Frameworks */ = {isa = PBXBuildFile; fileRef = DCEFA544180C313C009B0300 /* OpenGW.framework */; };
/* End PBXBuildFile section */

/* Begin PBXCopyFilesBuildPhase section */
		DC484C69178C418C0067DAA4 /* CopyFiles */ = {
			isa = PBXCopyFilesBuildPhase;
			buildActionMask = 2147483647;
			dstPath = "include/$(PRODUCT_NAME)";
			dstSubfolderSpec = 16;
			files = (
			);
			runOnlyForDeploymentPostprocessing = 0;
		};
/* End PBXCopyFilesBuildPhase section */

/* Begin PBXFileReference section */
		DC042A82178C5A06009FDBF8 /* SystemConfiguration.framework */ = {isa = PBXFileReference; lastKnownFileType = wrapper.framework; name = SystemConfiguration.framework; path = Platforms/iPhoneOS.platform/Developer/SDKs/iPhoneOS7.0.sdk/System/Library/Frameworks/SystemConfiguration.framework; sourceTree = DEVELOPER_DIR; };
		DC1953AF17C143FF00EC526C /* KoboldKit.framework */ = {isa = PBXFileReference; lastKnownFileType = wrapper.framework; name = KoboldKit.framework; path = "../../../../depot/_buildoutput/Super_Stick_Spy-dnwdmnwprkcnazbgipwxjamffetz/Build/Products/Debug/KoboldKit.framework"; sourceTree = "<group>"; };
		DC3AEF4B17CBE08A0002416A /* KoboldKitExternal.framework */ = {isa = PBXFileReference; lastKnownFileType = wrapper.framework; name = KoboldKitExternal.framework; path = ../KoboldKitExternal/build/Debug/KoboldKitExternal.framework; sourceTree = "<group>"; };
		DC484C16178C40800067DAA4 /* Cocoa.framework */ = {isa = PBXFileReference; lastKnownFileType = wrapper.framework; name = Cocoa.framework; path = Library/Frameworks/Cocoa.framework; sourceTree = DEVELOPER_DIR; };
		DC484C19178C40800067DAA4 /* Foundation.framework */ = {isa = PBXFileReference; lastKnownFileType = wrapper.framework; name = Foundation.framework; path = Library/Frameworks/Foundation.framework; sourceTree = SDKROOT; };
		DC484C1A178C40800067DAA4 /* CoreData.framework */ = {isa = PBXFileReference; lastKnownFileType = wrapper.framework; name = CoreData.framework; path = Library/Frameworks/CoreData.framework; sourceTree = SDKROOT; };
		DC484C1B178C40800067DAA4 /* AppKit.framework */ = {isa = PBXFileReference; lastKnownFileType = wrapper.framework; name = AppKit.framework; path = Library/Frameworks/AppKit.framework; sourceTree = SDKROOT; };
		DC484C43178C40BB0067DAA4 /* KoboldKitPro.framework */ = {isa = PBXFileReference; explicitFileType = wrapper.framework; includeInIndex = 0; path = KoboldKitPro.framework; sourceTree = BUILT_PRODUCTS_DIR; };
		DC484C6B178C418C0067DAA4 /* libKoboldKitPro.a */ = {isa = PBXFileReference; explicitFileType = archive.ar; includeInIndex = 0; path = libKoboldKitPro.a; sourceTree = BUILT_PRODUCTS_DIR; };
		DC484CE3178C465E0067DAA4 /* libz.dylib */ = {isa = PBXFileReference; lastKnownFileType = "compiled.mach-o.dylib"; name = libz.dylib; path = Platforms/MacOSX.platform/Developer/SDKs/MacOSX10.9.sdk/usr/lib/libz.dylib; sourceTree = DEVELOPER_DIR; };
		DC4DE928176CA4EB003E4087 /* libz.dylib */ = {isa = PBXFileReference; lastKnownFileType = "compiled.mach-o.dylib"; name = libz.dylib; path = usr/lib/libz.dylib; sourceTree = SDKROOT; };
		DC8B564C17CC106000F95CBC /* KoboldKitExternal.framework */ = {isa = PBXFileReference; lastKnownFileType = wrapper.framework; name = KoboldKitExternal.framework; path = "../../../../depot/_buildoutput/Super_Stick_Spy-dnwdmnwprkcnazbgipwxjamffetz/Build/Products/Debug/KoboldKitExternal.framework"; sourceTree = "<group>"; };
		DC95BA771786DF8600E31DA6 /* SystemConfiguration.framework */ = {isa = PBXFileReference; lastKnownFileType = wrapper.framework; name = SystemConfiguration.framework; path = System/Library/Frameworks/SystemConfiguration.framework; sourceTree = SDKROOT; };
		DCBD98F317C0C8A5008C4F3B /* index.appledoc */ = {isa = PBXFileReference; fileEncoding = 4; lastKnownFileType = text; path = index.appledoc; sourceTree = "<group>"; };
		DCBD99BA17C0C8A5008C4F3B /* KKProVersion.h */ = {isa = PBXFileReference; fileEncoding = 4; lastKnownFileType = sourcecode.c.h; path = KKProVersion.h; sourceTree = "<group>"; };
		DCBD99BB17C0C8A5008C4F3B /* KKProVersion.m */ = {isa = PBXFileReference; fileEncoding = 4; lastKnownFileType = sourcecode.c.objc; path = KKProVersion.m; sourceTree = "<group>"; };
		DCBD9A0017C0C8A5008C4F3B /* KoboldKitPro-Prefix.pch */ = {isa = PBXFileReference; fileEncoding = 4; lastKnownFileType = sourcecode.c.h; path = "KoboldKitPro-Prefix.pch"; sourceTree = "<group>"; };
		DCBD9A0117C0C8A5008C4F3B /* KoboldKitPro.h */ = {isa = PBXFileReference; fileEncoding = 4; lastKnownFileType = sourcecode.c.h; path = KoboldKitPro.h; sourceTree = "<group>"; };
		DCD7A291178C7545004A0467 /* libz.dylib */ = {isa = PBXFileReference; lastKnownFileType = "compiled.mach-o.dylib"; name = libz.dylib; path = Platforms/iPhoneOS.platform/Developer/SDKs/iPhoneOS7.0.sdk/usr/lib/libz.dylib; sourceTree = DEVELOPER_DIR; };
		DCDD2DAB1769FD0A00F307CD /* Foundation.framework */ = {isa = PBXFileReference; lastKnownFileType = wrapper.framework; name = Foundation.framework; path = System/Library/Frameworks/Foundation.framework; sourceTree = SDKROOT; };
		DCDD2DAD1769FD0A00F307CD /* CoreGraphics.framework */ = {isa = PBXFileReference; lastKnownFileType = wrapper.framework; name = CoreGraphics.framework; path = System/Library/Frameworks/CoreGraphics.framework; sourceTree = SDKROOT; };
		DCDD2DAF1769FD0A00F307CD /* UIKit.framework */ = {isa = PBXFileReference; lastKnownFileType = wrapper.framework; name = UIKit.framework; path = System/Library/Frameworks/UIKit.framework; sourceTree = SDKROOT; };
		DCDD2DB11769FD0A00F307CD /* SpriteKit.framework */ = {isa = PBXFileReference; lastKnownFileType = wrapper.framework; name = SpriteKit.framework; path = System/Library/Frameworks/SpriteKit.framework; sourceTree = SDKROOT; };
		DCDD2DD41769FD0A00F307CD /* XCTest.framework */ = {isa = PBXFileReference; lastKnownFileType = wrapper.framework; name = XCTest.framework; path = Library/Frameworks/XCTest.framework; sourceTree = DEVELOPER_DIR; };
		DCEA06D217E74AD70011DED9 /* KKProSwizzle.h */ = {isa = PBXFileReference; fileEncoding = 4; lastKnownFileType = sourcecode.c.h; path = KKProSwizzle.h; sourceTree = "<group>"; };
		DCEA06D317E74AD70011DED9 /* KKProSwizzle.m */ = {isa = PBXFileReference; fileEncoding = 4; lastKnownFileType = sourcecode.c.objc; path = KKProSwizzle.m; sourceTree = "<group>"; };
		DCEFA541180C313C009B0300 /* KoboldKit.framework */ = {isa = PBXFileReference; lastKnownFileType = wrapper.framework; name = KoboldKit.framework; path = "../../../../depot/_buildoutput/KoboldKit_Game-emodnxkxbvcspwbwreiywephofcm/Build/Products/Debug/KoboldKit.framework"; sourceTree = "<group>"; };
		DCEFA542180C313C009B0300 /* KoboldKitCommunity.framework */ = {isa = PBXFileReference; lastKnownFileType = wrapper.framework; name = KoboldKitCommunity.framework; path = "../../../../depot/_buildoutput/KoboldKit_Game-emodnxkxbvcspwbwreiywephofcm/Build/Products/Debug/KoboldKitCommunity.framework"; sourceTree = "<group>"; };
		DCEFA543180C313C009B0300 /* KoboldKitExternal.framework */ = {isa = PBXFileReference; lastKnownFileType = wrapper.framework; name = KoboldKitExternal.framework; path = "../../../../depot/_buildoutput/KoboldKit_Game-emodnxkxbvcspwbwreiywephofcm/Build/Products/Debug/KoboldKitExternal.framework"; sourceTree = "<group>"; };
		DCEFA544180C313C009B0300 /* OpenGW.framework */ = {isa = PBXFileReference; lastKnownFileType = wrapper.framework; name = OpenGW.framework; path = "../../../../depot/_buildoutput/KoboldKit_Game-emodnxkxbvcspwbwreiywephofcm/Build/Products/Debug/OpenGW.framework"; sourceTree = "<group>"; };
		DCFE4D6B17B2B4E8006675A2 /* AVFoundation.framework */ = {isa = PBXFileReference; lastKnownFileType = wrapper.framework; name = AVFoundation.framework; path = System/Library/Frameworks/AVFoundation.framework; sourceTree = SDKROOT; };
		DCFE4D6D17B2B4F3006675A2 /* CoreMedia.framework */ = {isa = PBXFileReference; lastKnownFileType = wrapper.framework; name = CoreMedia.framework; path = System/Library/Frameworks/CoreMedia.framework; sourceTree = SDKROOT; };
		DCFE4D6F17B2B4FC006675A2 /* AVFoundation.framework */ = {isa = PBXFileReference; lastKnownFileType = wrapper.framework; name = AVFoundation.framework; path = Platforms/iPhoneOS.platform/Developer/SDKs/iPhoneOS7.0.sdk/System/Library/Frameworks/AVFoundation.framework; sourceTree = DEVELOPER_DIR; };
		DCFE4D7117B2B502006675A2 /* CoreMedia.framework */ = {isa = PBXFileReference; lastKnownFileType = wrapper.framework; name = CoreMedia.framework; path = Platforms/iPhoneOS.platform/Developer/SDKs/iPhoneOS7.0.sdk/System/Library/Frameworks/CoreMedia.framework; sourceTree = DEVELOPER_DIR; };
/* End PBXFileReference section */

/* Begin PBXFrameworksBuildPhase section */
		DC484C3F178C40BB0067DAA4 /* Frameworks */ = {
			isa = PBXFrameworksBuildPhase;
			buildActionMask = 2147483647;
			files = (
				DCEFA545180C313C009B0300 /* KoboldKit.framework in Frameworks */,
				DCEFA546180C313C009B0300 /* KoboldKitCommunity.framework in Frameworks */,
				DCEFA547180C313C009B0300 /* KoboldKitExternal.framework in Frameworks */,
				DCEFA548180C313C009B0300 /* OpenGW.framework in Frameworks */,
				DC8B565117CC107E00F95CBC /* SpriteKit.framework in Frameworks */,
			);
			runOnlyForDeploymentPostprocessing = 0;
		};
		DC484C68178C418C0067DAA4 /* Frameworks */ = {
			isa = PBXFrameworksBuildPhase;
			buildActionMask = 2147483647;
			files = (
			);
			runOnlyForDeploymentPostprocessing = 0;
		};
/* End PBXFrameworksBuildPhase section */

/* Begin PBXGroup section */
		DC484C18178C40800067DAA4 /* Other Frameworks */ = {
			isa = PBXGroup;
			children = (
				DC484C19178C40800067DAA4 /* Foundation.framework */,
				DC484C1A178C40800067DAA4 /* CoreData.framework */,
				DC484C1B178C40800067DAA4 /* AppKit.framework */,
			);
			name = "Other Frameworks";
			sourceTree = "<group>";
		};
		DCBD98F217C0C8A5008C4F3B /* Documentation */ = {
			isa = PBXGroup;
			children = (
				DCBD98F317C0C8A5008C4F3B /* index.appledoc */,
			);
			path = Documentation;
			sourceTree = "<group>";
		};
		DCBD996D17C0C8A5008C4F3B /* Framework */ = {
			isa = PBXGroup;
			children = (
				DCBD99BA17C0C8A5008C4F3B /* KKProVersion.h */,
				DCBD99BB17C0C8A5008C4F3B /* KKProVersion.m */,
				DCEA06D217E74AD70011DED9 /* KKProSwizzle.h */,
				DCEA06D317E74AD70011DED9 /* KKProSwizzle.m */,
			);
			path = Framework;
			sourceTree = "<group>";
		};
		DCDD2D9F1769FD0A00F307CD = {
			isa = PBXGroup;
			children = (
				DCBD9A0117C0C8A5008C4F3B /* KoboldKitPro.h */,
				DCBD9A0017C0C8A5008C4F3B /* KoboldKitPro-Prefix.pch */,
				DCBD996D17C0C8A5008C4F3B /* Framework */,
				DCBD98F217C0C8A5008C4F3B /* Documentation */,
				DCDD2DAA1769FD0A00F307CD /* Frameworks */,
				DCDD2DA91769FD0A00F307CD /* Products */,
			);
			sourceTree = "<group>";
		};
		DCDD2DA91769FD0A00F307CD /* Products */ = {
			isa = PBXGroup;
			children = (
				DC484C43178C40BB0067DAA4 /* KoboldKitPro.framework */,
				DC484C6B178C418C0067DAA4 /* libKoboldKitPro.a */,
			);
			name = Products;
			sourceTree = "<group>";
		};
		DCDD2DAA1769FD0A00F307CD /* Frameworks */ = {
			isa = PBXGroup;
			children = (
				DCEFA541180C313C009B0300 /* KoboldKit.framework */,
				DCEFA542180C313C009B0300 /* KoboldKitCommunity.framework */,
				DCEFA543180C313C009B0300 /* KoboldKitExternal.framework */,
				DCEFA544180C313C009B0300 /* OpenGW.framework */,
				DC8B564C17CC106000F95CBC /* KoboldKitExternal.framework */,
				DC3AEF4B17CBE08A0002416A /* KoboldKitExternal.framework */,
				DC1953AF17C143FF00EC526C /* KoboldKit.framework */,
				DCFE4D7117B2B502006675A2 /* CoreMedia.framework */,
				DCFE4D6F17B2B4FC006675A2 /* AVFoundation.framework */,
				DCFE4D6D17B2B4F3006675A2 /* CoreMedia.framework */,
				DCFE4D6B17B2B4E8006675A2 /* AVFoundation.framework */,
				DCD7A291178C7545004A0467 /* libz.dylib */,
				DC042A82178C5A06009FDBF8 /* SystemConfiguration.framework */,
				DC484CE3178C465E0067DAA4 /* libz.dylib */,
				DC95BA771786DF8600E31DA6 /* SystemConfiguration.framework */,
				DC4DE928176CA4EB003E4087 /* libz.dylib */,
				DCDD2DAB1769FD0A00F307CD /* Foundation.framework */,
				DCDD2DAD1769FD0A00F307CD /* CoreGraphics.framework */,
				DCDD2DAF1769FD0A00F307CD /* UIKit.framework */,
				DCDD2DB11769FD0A00F307CD /* SpriteKit.framework */,
				DCDD2DD41769FD0A00F307CD /* XCTest.framework */,
				DC484C16178C40800067DAA4 /* Cocoa.framework */,
				DC484C18178C40800067DAA4 /* Other Frameworks */,
			);
			name = Frameworks;
			sourceTree = "<group>";
		};
/* End PBXGroup section */

/* Begin PBXHeadersBuildPhase section */
		DC484C40178C40BB0067DAA4 /* Headers */ = {
			isa = PBXHeadersBuildPhase;
			buildActionMask = 2147483647;
			files = (
				DCBD9B5817C0C8A5008C4F3B /* KoboldKitPro.h in Headers */,
				DCBD9AFF17C0C8A5008C4F3B /* KKProVersion.h in Headers */,
				DCEA06D417E74AD70011DED9 /* KKProSwizzle.h in Headers */,
				DCBD9B5717C0C8A5008C4F3B /* KoboldKitPro-Prefix.pch in Headers */,
			);
			runOnlyForDeploymentPostprocessing = 0;
		};
/* End PBXHeadersBuildPhase section */

/* Begin PBXNativeTarget section */
		DC484C42178C40BB0067DAA4 /* KoboldKitPro.framework */ = {
			isa = PBXNativeTarget;
			buildConfigurationList = DC484C61178C40BB0067DAA4 /* Build configuration list for PBXNativeTarget "KoboldKitPro.framework" */;
			buildPhases = (
				DC484C3E178C40BB0067DAA4 /* Sources */,
				DC484C3F178C40BB0067DAA4 /* Frameworks */,
				DC484C40178C40BB0067DAA4 /* Headers */,
				DC484C41178C40BB0067DAA4 /* Resources */,
			);
			buildRules = (
			);
			dependencies = (
			);
			name = KoboldKitPro.framework;
			productName = KoboldKit;
			productReference = DC484C43178C40BB0067DAA4 /* KoboldKitPro.framework */;
			productType = "com.apple.product-type.framework";
		};
		DC484C6A178C418C0067DAA4 /* libKoboldKitPro.a */ = {
			isa = PBXNativeTarget;
			buildConfigurationList = DC484C87178C418D0067DAA4 /* Build configuration list for PBXNativeTarget "libKoboldKitPro.a" */;
			buildPhases = (
				DC484C67178C418C0067DAA4 /* Sources */,
				DC484C68178C418C0067DAA4 /* Frameworks */,
				DC484C69178C418C0067DAA4 /* CopyFiles */,
			);
			buildRules = (
			);
			dependencies = (
			);
			name = libKoboldKitPro.a;
			productName = KoboldKit;
			productReference = DC484C6B178C418C0067DAA4 /* libKoboldKitPro.a */;
			productType = "com.apple.product-type.library.static";
		};
/* End PBXNativeTarget section */

/* Begin PBXProject section */
		DCDD2DA01769FD0A00F307CD /* Project object */ = {
			isa = PBXProject;
			attributes = {
				LastUpgradeCheck = 0500;
				ORGANIZATIONNAME = "Steffen Itterheim";
			};
			buildConfigurationList = DCDD2DA31769FD0A00F307CD /* Build configuration list for PBXProject "KoboldKitPro" */;
			compatibilityVersion = "Xcode 3.2";
			developmentRegion = English;
			hasScannedForEncodings = 0;
			knownRegions = (
				en,
				Base,
			);
			mainGroup = DCDD2D9F1769FD0A00F307CD;
			productRefGroup = DCDD2DA91769FD0A00F307CD /* Products */;
			projectDirPath = "";
			projectRoot = "";
			targets = (
				DC484C6A178C418C0067DAA4 /* libKoboldKitPro.a */,
				DC484C42178C40BB0067DAA4 /* KoboldKitPro.framework */,
			);
		};
/* End PBXProject section */

/* Begin PBXResourcesBuildPhase section */
		DC484C41178C40BB0067DAA4 /* Resources */ = {
			isa = PBXResourcesBuildPhase;
			buildActionMask = 2147483647;
			files = (
			);
			runOnlyForDeploymentPostprocessing = 0;
		};
/* End PBXResourcesBuildPhase section */

/* Begin PBXSourcesBuildPhase section */
		DC484C3E178C40BB0067DAA4 /* Sources */ = {
			isa = PBXSourcesBuildPhase;
			buildActionMask = 2147483647;
			files = (
				DCEA06D617E74AD70011DED9 /* KKProSwizzle.m in Sources */,
				DCBD9B0117C0C8A5008C4F3B /* KKProVersion.m in Sources */,
			);
			runOnlyForDeploymentPostprocessing = 0;
		};
		DC484C67178C418C0067DAA4 /* Sources */ = {
			isa = PBXSourcesBuildPhase;
			buildActionMask = 2147483647;
			files = (
				DCEA06D517E74AD70011DED9 /* KKProSwizzle.m in Sources */,
				DCBD9B0017C0C8A5008C4F3B /* KKProVersion.m in Sources */,
			);
			runOnlyForDeploymentPostprocessing = 0;
		};
/* End PBXSourcesBuildPhase section */

/* Begin XCBuildConfiguration section */
		DC484C62178C40BB0067DAA4 /* Debug */ = {
			isa = XCBuildConfiguration;
			buildSettings = {
				COMBINE_HIDPI_IMAGES = YES;
				DYLIB_COMPATIBILITY_VERSION = 1;
				DYLIB_CURRENT_VERSION = 1;
				FRAMEWORK_VERSION = A;
				GCC_PREPROCESSOR_DEFINITIONS = (
					"DEBUG=1",
					"$(inherited)",
				);
				GCC_WARN_64_TO_32_BIT_CONVERSION = YES;
				MACOSX_DEPLOYMENT_TARGET = 10.8;
				PRODUCT_NAME = KoboldKitPro;
				SDKROOT = macosx;
				WRAPPER_EXTENSION = framework;
			};
			name = Debug;
		};
		DC484C63178C40BB0067DAA4 /* Release */ = {
			isa = XCBuildConfiguration;
			buildSettings = {
				COMBINE_HIDPI_IMAGES = YES;
				DEBUG_INFORMATION_FORMAT = "dwarf-with-dsym";
				DYLIB_COMPATIBILITY_VERSION = 1;
				DYLIB_CURRENT_VERSION = 1;
				FRAMEWORK_VERSION = A;
				GCC_WARN_64_TO_32_BIT_CONVERSION = YES;
				MACOSX_DEPLOYMENT_TARGET = 10.8;
				PRODUCT_NAME = KoboldKitPro;
				SDKROOT = macosx;
				WRAPPER_EXTENSION = framework;
			};
			name = Release;
		};
		DC484C88178C418D0067DAA4 /* Debug */ = {
			isa = XCBuildConfiguration;
			buildSettings = {
				ARCHS = "$(ARCHS_STANDARD_INCLUDING_64_BIT)";
				DSTROOT = /tmp/KoboldKit.dst;
				GCC_PREPROCESSOR_DEFINITIONS = (
					"DEBUG=1",
					"$(inherited)",
				);
				OTHER_LDFLAGS = "-ObjC";
				PRODUCT_NAME = KoboldKitPro;
				PUBLIC_HEADERS_FOLDER_PATH = "include/$(PRODUCT_NAME)";
				SDKROOT = iphoneos;
				SKIP_INSTALL = YES;
				VALID_ARCHS = "armv7 armv7s arm64";
			};
			name = Debug;
		};
		DC484C89178C418D0067DAA4 /* Release */ = {
			isa = XCBuildConfiguration;
			buildSettings = {
				ARCHS = "$(ARCHS_STANDARD_INCLUDING_64_BIT)";
				DSTROOT = /tmp/KoboldKit.dst;
				OTHER_LDFLAGS = "-ObjC";
				PRODUCT_NAME = KoboldKitPro;
				PUBLIC_HEADERS_FOLDER_PATH = "include/$(PRODUCT_NAME)";
				SDKROOT = iphoneos;
				SKIP_INSTALL = YES;
				VALID_ARCHS = "armv7 armv7s arm64";
			};
			name = Release;
		};
		DCDD2DE21769FD0A00F307CD /* Debug */ = {
			isa = XCBuildConfiguration;
			buildSettings = {
				ALWAYS_SEARCH_USER_PATHS = NO;
				CLANG_CXX_LANGUAGE_STANDARD = "c++0x";
				CLANG_CXX_LIBRARY = "libc++";
				CLANG_ENABLE_MODULES = YES;
				CLANG_ENABLE_OBJC_ARC = YES;
				CLANG_WARN_BOOL_CONVERSION = YES;
				CLANG_WARN_CONSTANT_CONVERSION = YES;
				CLANG_WARN_DEPRECATED_OBJC_IMPLEMENTATIONS = YES;
				CLANG_WARN_DIRECT_OBJC_ISA_USAGE = YES_ERROR;
				CLANG_WARN_EMPTY_BODY = YES;
				CLANG_WARN_ENUM_CONVERSION = YES;
				CLANG_WARN_INT_CONVERSION = YES;
				CLANG_WARN_OBJC_ROOT_CLASS = YES_ERROR;
				CLANG_WARN__DUPLICATE_METHOD_MATCH = YES;
				"CODE_SIGN_IDENTITY[sdk=iphoneos*]" = "iPhone Developer";
				COPY_PHASE_STRIP = NO;
				GCC_C_LANGUAGE_STANDARD = c11;
				GCC_DYNAMIC_NO_PIC = NO;
				GCC_ENABLE_CPP_EXCEPTIONS = NO;
				GCC_ENABLE_CPP_RTTI = NO;
				GCC_ENABLE_OBJC_EXCEPTIONS = NO;
				GCC_FAST_MATH = YES;
				GCC_OPTIMIZATION_LEVEL = 0;
				GCC_PRECOMPILE_PREFIX_HEADER = YES;
				GCC_PREFIX_HEADER = "KoboldKitPro-Prefix.pch";
				GCC_PREPROCESSOR_DEFINITIONS = (
					"DEBUG=1",
					"$(inherited)",
				);
				GCC_SYMBOLS_PRIVATE_EXTERN = NO;
				GCC_TREAT_INCOMPATIBLE_POINTER_TYPE_WARNINGS_AS_ERRORS = YES;
				GCC_TREAT_WARNINGS_AS_ERRORS = YES;
				GCC_WARN_ABOUT_MISSING_FIELD_INITIALIZERS = YES;
				GCC_WARN_ABOUT_RETURN_TYPE = YES_ERROR;
				GCC_WARN_SHADOW = YES;
				GCC_WARN_SIGN_COMPARE = YES;
				GCC_WARN_STRICT_SELECTOR_MATCH = YES;
				GCC_WARN_UNDECLARED_SELECTOR = YES;
				GCC_WARN_UNINITIALIZED_AUTOS = YES;
				GCC_WARN_UNKNOWN_PRAGMAS = YES;
				GCC_WARN_UNUSED_FUNCTION = YES;
				GCC_WARN_UNUSED_VARIABLE = YES;
				HEADER_SEARCH_PATHS = (
					"../KoboldKitFree/**",
					"../KoboldKitExternal/**",
					"../OpenGW/**",
				);
				IPHONEOS_DEPLOYMENT_TARGET = 7.0;
				ONLY_ACTIVE_ARCH = YES;
				SDKROOT = macosx;
				TARGETED_DEVICE_FAMILY = "1,2";
				VALID_ARCHS = x86_64;
			};
			name = Debug;
		};
		DCDD2DE31769FD0A00F307CD /* Release */ = {
			isa = XCBuildConfiguration;
			buildSettings = {
				ALWAYS_SEARCH_USER_PATHS = NO;
				CLANG_CXX_LANGUAGE_STANDARD = "c++0x";
				CLANG_CXX_LIBRARY = "libc++";
				CLANG_ENABLE_MODULES = YES;
				CLANG_ENABLE_OBJC_ARC = YES;
				CLANG_WARN_BOOL_CONVERSION = YES;
				CLANG_WARN_CONSTANT_CONVERSION = YES;
				CLANG_WARN_DEPRECATED_OBJC_IMPLEMENTATIONS = YES;
				CLANG_WARN_DIRECT_OBJC_ISA_USAGE = YES_ERROR;
				CLANG_WARN_EMPTY_BODY = YES;
				CLANG_WARN_ENUM_CONVERSION = YES;
				CLANG_WARN_INT_CONVERSION = YES;
				CLANG_WARN_OBJC_ROOT_CLASS = YES_ERROR;
				CLANG_WARN__DUPLICATE_METHOD_MATCH = YES;
				"CODE_SIGN_IDENTITY[sdk=iphoneos*]" = "iPhone Developer";
				COPY_PHASE_STRIP = YES;
				ENABLE_NS_ASSERTIONS = NO;
				GCC_C_LANGUAGE_STANDARD = c11;
				GCC_ENABLE_CPP_EXCEPTIONS = NO;
				GCC_ENABLE_CPP_RTTI = NO;
				GCC_ENABLE_OBJC_EXCEPTIONS = NO;
				GCC_FAST_MATH = YES;
				GCC_PRECOMPILE_PREFIX_HEADER = YES;
				GCC_PREFIX_HEADER = "KoboldKitPro-Prefix.pch";
				GCC_TREAT_INCOMPATIBLE_POINTER_TYPE_WARNINGS_AS_ERRORS = YES;
				GCC_TREAT_WARNINGS_AS_ERRORS = YES;
				GCC_WARN_ABOUT_MISSING_FIELD_INITIALIZERS = YES;
				GCC_WARN_ABOUT_RETURN_TYPE = YES_ERROR;
				GCC_WARN_SHADOW = YES;
				GCC_WARN_SIGN_COMPARE = YES;
				GCC_WARN_STRICT_SELECTOR_MATCH = YES;
				GCC_WARN_UNDECLARED_SELECTOR = YES;
				GCC_WARN_UNINITIALIZED_AUTOS = YES;
				GCC_WARN_UNKNOWN_PRAGMAS = YES;
				GCC_WARN_UNUSED_FUNCTION = YES;
				GCC_WARN_UNUSED_VARIABLE = YES;
				HEADER_SEARCH_PATHS = (
					"../KoboldKitFree/**",
					"../KoboldKitExternal/**",
					"../OpenGW/**",
				);
				IPHONEOS_DEPLOYMENT_TARGET = 7.0;
				SDKROOT = macosx;
				TARGETED_DEVICE_FAMILY = "1,2";
				VALIDATE_PRODUCT = YES;
				VALID_ARCHS = x86_64;
			};
			name = Release;
		};
/* End XCBuildConfiguration section */

/* Begin XCConfigurationList section */
		DC484C61178C40BB0067DAA4 /* Build configuration list for PBXNativeTarget "KoboldKitPro.framework" */ = {
			isa = XCConfigurationList;
			buildConfigurations = (
				DC484C62178C40BB0067DAA4 /* Debug */,
				DC484C63178C40BB0067DAA4 /* Release */,
			);
			defaultConfigurationIsVisible = 0;
			defaultConfigurationName = Release;
		};
		DC484C87178C418D0067DAA4 /* Build configuration list for PBXNativeTarget "libKoboldKitPro.a" */ = {
			isa = XCConfigurationList;
			buildConfigurations = (
				DC484C88178C418D0067DAA4 /* Debug */,
				DC484C89178C418D0067DAA4 /* Release */,
			);
			defaultConfigurationIsVisible = 0;
			defaultConfigurationName = Release;
		};
		DCDD2DA31769FD0A00F307CD /* Build configuration list for PBXProject "KoboldKitPro" */ = {
			isa = XCConfigurationList;
			buildConfigurations = (
				DCDD2DE21769FD0A00F307CD /* Debug */,
				DCDD2DE31769FD0A00F307CD /* Release */,
			);
			defaultConfigurationIsVisible = 0;
			defaultConfigurationName = Release;
		};
/* End XCConfigurationList section */
	};
	rootObject = DCDD2DA01769FD0A00F307CD /* Project object */;
}
